# This file is generated by running "yarn install" inside your project.
# Manual changes might be lost - proceed with caution!

__metadata:
  version: 8
  cacheKey: 10c0

"@eslint-community/eslint-utils@npm:^4.5.1":
  version: 4.9.1
  resolution: "@eslint-community/eslint-utils@npm:4.9.1"
  dependencies:
    eslint-visitor-keys: "npm:^3.4.3"
  peerDependencies:
    eslint: ^6.0.0 || ^7.0.0 || >=8.0.0
  checksum: 10c0/dc4ab5e3e364ef27e33666b11f4b86e1a6c1d7cbf16f0c6ff87b1619b3562335e9201a3d6ce806221887ff780ec9d828962a290bb910759fd40a674686503f02
  languageName: node
  linkType: hard

"@eslint/core@npm:^1.0.1, @eslint/core@npm:^1.1.1":
  version: 1.2.1
  resolution: "@eslint/core@npm:1.2.1"
  dependencies:
    "@types/json-schema": "npm:^7.0.15"
  checksum: 10c0/10979b40588ecfef771fcb5013a542a35fb30692cc95a65f3481b0b36fbd89f5679efeb30d57f4eed35203d859aabace2a620177d6c536f71b299a1af2f3398f
  languageName: node
  linkType: hard

"@eslint/eslintrc@npm:^3.3.5":
  version: 3.3.5
  resolution: "@eslint/eslintrc@npm:3.3.5"
  dependencies:
    ajv: "npm:^6.14.0"
    debug: "npm:^4.3.2"
    espree: "npm:^10.0.1"
    globals: "npm:^14.0.0"
    ignore: "npm:^5.2.0"
    import-fresh: "npm:^3.2.1"
    js-yaml: "npm:^4.1.1"
    minimatch: "npm:^3.1.5"
    strip-json-comments: "npm:^3.1.1"
  checksum: 10c0/9fb9f1ca65e46d6173966e3aaa5bd353e3a65d7f1f582bebf77f578fab7d7960a399fac1ecfb1e7d52bd61f5cefd6531087ca52a3a3c388f2e1b4f1ebd3da8b7
  languageName: node
  linkType: hard

"@eslint/js@npm:^10.0.1":
  version: 10.0.1
  resolution: "@eslint/js@npm:10.0.1"
  peerDependencies:
    eslint: ^10.0.0
  peerDependenciesMeta:
    eslint:
      optional: true
  checksum: 10c0/9f3fcaf71ba7fdf65d82e8faad6ecfe97e11801cc3c362b306a88ea1ed1344ae0d35330dddb0e8ad18f010f6687a70b75491b9e01c8af57acd7987cee6b3ec6c
  languageName: node
  linkType: hard

"@eslint/plugin-kit@npm:^0.6.0":
  version: 0.6.1
  resolution: "@eslint/plugin-kit@npm:0.6.1"
  dependencies:
    "@eslint/core": "npm:^1.1.1"
    levn: "npm:^0.4.1"
  checksum: 10c0/f8354a7b92cc41e7a55d51986d192134be84f9dc0c91b5e649d075d733b56981c4ca8bf4460d54120c4c87b47984167bad2cb9bceb303f11b0a3bad22b3ed06a
  languageName: node
  linkType: hard

"@ota-meshi/ast-token-store@npm:^0.3.0":
  version: 0.3.0
  resolution: "@ota-meshi/ast-token-store@npm:0.3.0"
  checksum: 10c0/cb36d5b3e1379901e197d03869772f96d6505be8c06701dd56a02123a9a5484cfe8d759610622058675434ee2dcdba37b939cc249abe9babefcd400a63a77e9a
  languageName: node
  linkType: hard

"@pkgr/core@npm:^0.2.9":
  version: 0.2.9
  resolution: "@pkgr/core@npm:0.2.9"
  checksum: 10c0/ac8e4e8138b1a7a4ac6282873aef7389c352f1f8b577b4850778f5182e4a39a5241facbe48361fec817f56d02b51691b383010843fb08b34a8e8ea3614688fd5
  languageName: node
  linkType: hard

"@types/json-schema@npm:^7.0.15":
  version: 7.0.15
  resolution: "@types/json-schema@npm:7.0.15"
  checksum: 10c0/a996a745e6c5d60292f36731dd41341339d4eeed8180bb09226e5c8d23759067692b1d88e5d91d72ee83dfc00d3aca8e7bd43ea120516c17922cbcb7c3e252db
  languageName: node
  linkType: hard

"acorn-jsx@npm:^5.3.2":
  version: 5.3.2
  resolution: "acorn-jsx@npm:5.3.2"
  peerDependencies:
    acorn: ^6.0.0 || ^7.0.0 || ^8.0.0
  checksum: 10c0/4c54868fbef3b8d58927d5e33f0a4de35f59012fe7b12cf9dfbb345fb8f46607709e1c4431be869a23fb63c151033d84c4198fa9f79385cec34fcb1dd53974c1
  languageName: node
  linkType: hard

"acorn@npm:^8.15.0, acorn@npm:^8.5.0":
  version: 8.16.0
  resolution: "acorn@npm:8.16.0"
  bin:
    acorn: bin/acorn
  checksum: 10c0/c9c52697227661b68d0debaf972222d4f622aa06b185824164e153438afa7b08273432ca43ea792cadb24dada1d46f6f6bb1ef8de9956979288cc1b96bf9914e
  languageName: node
  linkType: hard

"ajv@npm:^6.14.0":
  version: 6.14.0
  resolution: "ajv@npm:6.14.0"
  dependencies:
    fast-deep-equal: "npm:^3.1.1"
    fast-json-stable-stringify: "npm:^2.0.0"
    json-schema-traverse: "npm:^0.4.1"
    uri-js: "npm:^4.2.2"
  checksum: 10c0/a2bc39b0555dc9802c899f86990eb8eed6e366cddbf65be43d5aa7e4f3c4e1a199d5460fd7ca4fb3d864000dbbc049253b72faa83b3b30e641ca52cb29a68c22
  languageName: node
  linkType: hard

"argparse@npm:^2.0.1":
  version: 2.0.1
  resolution: "argparse@npm:2.0.1"
  checksum: 10c0/c5640c2d89045371c7cedd6a70212a04e360fd34d6edeae32f6952c63949e3525ea77dbec0289d8213a99bbaeab5abfa860b5c12cf88a2e6cf8106e90dd27a7e
  languageName: node
  linkType: hard

"balanced-match@npm:^1.0.0":
  version: 1.0.2
  resolution: "balanced-match@npm:1.0.2"
  checksum: 10c0/9308baf0a7e4838a82bbfd11e01b1cb0f0cf2893bc1676c27c2a8c0e70cbae1c59120c3268517a8ae7fb6376b4639ef81ca22582611dbee4ed28df945134aaee
  languageName: node
  linkType: hard

"brace-expansion@npm:^1.1.7":
  version: 1.1.13
  resolution: "brace-expansion@npm:1.1.13"
  dependencies:
    balanced-match: "npm:^1.0.0"
    concat-map: "npm:0.0.1"
  checksum: 10c0/384c61bb329b6adfdcc0cbbdd108dc19fb5f3e84ae15a02a74f94c6c791b5a9b035aae73b2a51929a8a478e2f0f212a771eb6a8b5b514cccfb8d0c9f2ce8cbd8
  languageName: node
  linkType: hard

"callsites@npm:^3.0.0":
  version: 3.1.0
  resolution: "callsites@npm:3.1.0"
  checksum: 10c0/fff92277400eb06c3079f9e74f3af120db9f8ea03bad0e84d9aede54bbe2d44a56cccb5f6cf12211f93f52306df87077ecec5b712794c5a9b5dac6d615a3f301
  languageName: node
  linkType: hard

"concat-map@npm:0.0.1":
  version: 0.0.1
  resolution: "concat-map@npm:0.0.1"
  checksum: 10c0/c996b1cfdf95b6c90fee4dae37e332c8b6eb7d106430c17d538034c0ad9a1630cb194d2ab37293b1bdd4d779494beee7786d586a50bd9376fd6f7bcc2bd4c98f
  languageName: node
  linkType: hard

"debug@npm:^4.3.2":
  version: 4.4.3
  resolution: "debug@npm:4.4.3"
  dependencies:
    ms: "npm:^2.1.3"
  peerDependenciesMeta:
    supports-color:
      optional: true
  checksum: 10c0/d79136ec6c83ecbefd0f6a5593da6a9c91ec4d7ddc4b54c883d6e71ec9accb5f67a1a5e96d00a328196b5b5c86d365e98d8a3a70856aaf16b4e7b1985e67f5a6
  languageName: node
  linkType: hard

"diff-sequences@npm:^29.6.3":
  version: 29.6.3
  resolution: "diff-sequences@npm:29.6.3"
  checksum: 10c0/32e27ac7dbffdf2fb0eb5a84efd98a9ad084fbabd5ac9abb8757c6770d5320d2acd172830b28c4add29bb873d59420601dfc805ac4064330ce59b1adfd0593b2
  languageName: node
  linkType: hard

"eslint-config-prettier@npm:^10.1.8":
  version: 10.1.8
  resolution: "eslint-config-prettier@npm:10.1.8"
  peerDependencies:
    eslint: ">=7.0.0"
  bin:
    eslint-config-prettier: bin/cli.js
  checksum: 10c0/e1bcfadc9eccd526c240056b1e59c5cd26544fe59feb85f38f4f1f116caed96aea0b3b87868e68b3099e55caaac3f2e5b9f58110f85db893e83a332751192682
  languageName: node
  linkType: hard

"eslint-json-compat-utils@npm:^0.2.3":
  version: 0.2.3
  resolution: "eslint-json-compat-utils@npm:0.2.3"
  dependencies:
    esquery: "npm:^1.6.0"
  peerDependencies:
    eslint: "*"
    jsonc-eslint-parser: ^2.4.0 || ^3.0.0
  peerDependenciesMeta:
    "@eslint/json":
      optional: true
  checksum: 10c0/3af895890d72228b157f24a94efaee6ae4fb7ec5e7d9e17b51ae477d0efd03a1938ae810b2ae65fdb8a6d81c68c1b49dc207ee2398883a29ffeb1105ecc169ef
  languageName: node
  linkType: hard

"eslint-plugin-json@npm:^4.0.1":
  version: 4.0.1
  resolution: "eslint-plugin-json@npm:4.0.1"
  dependencies:
    lodash: "npm:^4.17.21"
    vscode-json-languageservice: "npm:^4.1.6"
  checksum: 10c0/9eb37d8f306180b194073af91a62a24afac9a4b805c7e685524c792bb6550ad9362f84ee226553e9f5099a56238f0697ae8a85d4e39bb2e12fdccbccd77669e0
  languageName: node
  linkType: hard

"eslint-plugin-jsonc@npm:^3.1.2":
  version: 3.1.2
  resolution: "eslint-plugin-jsonc@npm:3.1.2"
  dependencies:
    "@eslint-community/eslint-utils": "npm:^4.5.1"
    "@eslint/core": "npm:^1.0.1"
    "@eslint/plugin-kit": "npm:^0.6.0"
    "@ota-meshi/ast-token-store": "npm:^0.3.0"
    diff-sequences: "npm:^29.6.3"
    eslint-json-compat-utils: "npm:^0.2.3"
    jsonc-eslint-parser: "npm:^3.1.0"
    natural-compare: "npm:^1.4.0"
    synckit: "npm:^0.11.12"
  peerDependencies:
    eslint: ">=9.38.0"
  checksum: 10c0/1812555eb1cfb28a67ea29ea444ac25aeb922a7c5fb3b5c85ccb1021d90284270a5ba360d78b9fec821c7d20e50ff2551806a0f8aef1d13307a0f1a271f91ffe
  languageName: node
  linkType: hard

"eslint-visitor-keys@npm:^3.4.3":
  version: 3.4.3
  resolution: "eslint-visitor-keys@npm:3.4.3"
  checksum: 10c0/92708e882c0a5ffd88c23c0b404ac1628cf20104a108c745f240a13c332a11aac54f49a22d5762efbffc18ecbc9a580d1b7ad034bf5f3cc3307e5cbff2ec9820
  languageName: node
  linkType: hard

"eslint-visitor-keys@npm:^4.2.1":
  version: 4.2.1
  resolution: "eslint-visitor-keys@npm:4.2.1"
  checksum: 10c0/fcd43999199d6740db26c58dbe0c2594623e31ca307e616ac05153c9272f12f1364f5a0b1917a8e962268fdecc6f3622c1c2908b4fcc2e047a106fe6de69dc43
  languageName: node
  linkType: hard

"eslint-visitor-keys@npm:^5.0.0":
  version: 5.0.1
  resolution: "eslint-visitor-keys@npm:5.0.1"
  checksum: 10c0/16190bdf2cbae40a1109384c94450c526a79b0b9c3cb21e544256ed85ac48a4b84db66b74a6561d20fe6ab77447f150d711c2ad5ad74df4fcc133736bce99678
  languageName: node
  linkType: hard

"espree@npm:^10.0.1":
  version: 10.4.0
  resolution: "espree@npm:10.4.0"
  dependencies:
    acorn: "npm:^8.15.0"
    acorn-jsx: "npm:^5.3.2"
    eslint-visitor-keys: "npm:^4.2.1"
  checksum: 10c0/c63fe06131c26c8157b4083313cb02a9a54720a08e21543300e55288c40e06c3fc284bdecf108d3a1372c5934a0a88644c98714f38b6ae8ed272b40d9ea08d6b
  languageName: node
  linkType: hard

"esquery@npm:^1.6.0":
  version: 1.7.0
  resolution: "esquery@npm:1.7.0"
  dependencies:
    estraverse: "npm:^5.1.0"
  checksum: 10c0/77d5173db450b66f3bc685d11af4c90cffeedb340f34a39af96d43509a335ce39c894fd79233df32d38f5e4e219fa0f7076f6ec90bae8320170ba082c0db4793
  languageName: node
  linkType: hard

"estraverse@npm:^5.1.0":
  version: 5.3.0
  resolution: "estraverse@npm:5.3.0"
  checksum: 10c0/1ff9447b96263dec95d6d67431c5e0771eb9776427421260a3e2f0fdd5d6bd4f8e37a7338f5ad2880c9f143450c9b1e4fc2069060724570a49cf9cf0312bd107
  languageName: node
  linkType: hard

"fast-deep-equal@npm:^3.1.1":
  version: 3.1.3
  resolution: "fast-deep-equal@npm:3.1.3"
  checksum: 10c0/40dedc862eb8992c54579c66d914635afbec43350afbbe991235fdcb4e3a8d5af1b23ae7e79bef7d4882d0ecee06c3197488026998fb19f72dc95acff1d1b1d0
  languageName: node
  linkType: hard

"fast-json-stable-stringify@npm:^2.0.0":
  version: 2.1.0
  resolution: "fast-json-stable-stringify@npm:2.1.0"
  checksum: 10c0/7f081eb0b8a64e0057b3bb03f974b3ef00135fbf36c1c710895cd9300f13c94ba809bb3a81cf4e1b03f6e5285610a61abbd7602d0652de423144dfee5a389c9b
  languageName: node
  linkType: hard

"globals@npm:^14.0.0":
  version: 14.0.0
  resolution: "globals@npm:14.0.0"
  checksum: 10c0/b96ff42620c9231ad468d4c58ff42afee7777ee1c963013ff8aabe095a451d0ceeb8dcd8ef4cbd64d2538cef45f787a78ba3a9574f4a634438963e334471302d
  languageName: node
  linkType: hard

"globals@npm:^17.6.0":
  version: 17.6.0
  resolution: "globals@npm:17.6.0"
  checksum: 10c0/cf94fb4329cc5c68cf81018fd68324f413181ee169f0235b0b33b82bc93fe7825a21beea951f83a80e8e4bbdad9c0c80515a145b5fd4b5cb52f2a80db899a93f
  languageName: node
  linkType: hard

"ignore@npm:^5.2.0":
  version: 5.3.2
  resolution: "ignore@npm:5.3.2"
  checksum: 10c0/f9f652c957983634ded1e7f02da3b559a0d4cc210fca3792cb67f1b153623c9c42efdc1c4121af171e295444459fc4a9201101fb041b1104a3c000bccb188337
  languageName: node
  linkType: hard

"import-fresh@npm:^3.2.1":
  version: 3.3.1
  resolution: "import-fresh@npm:3.3.1"
  dependencies:
    parent-module: "npm:^1.0.0"
    resolve-from: "npm:^4.0.0"
  checksum: 10c0/bf8cc494872fef783249709385ae883b447e3eb09db0ebd15dcead7d9afe7224dad7bd7591c6b73b0b19b3c0f9640eb8ee884f01cfaf2887ab995b0b36a0cbec
  languageName: node
  linkType: hard

"js-yaml@npm:^4.1.1":
  version: 4.1.1
  resolution: "js-yaml@npm:4.1.1"
  dependencies:
    argparse: "npm:^2.0.1"
  bin:
    js-yaml: bin/js-yaml.js
  checksum: 10c0/561c7d7088c40a9bb53cc75becbfb1df6ae49b34b5e6e5a81744b14ae8667ec564ad2527709d1a6e7d5e5fa6d483aa0f373a50ad98d42fde368ec4a190d4fae7
  languageName: node
  linkType: hard

"json-schema-traverse@npm:^0.4.1":
  version: 0.4.1
  resolution: "json-schema-traverse@npm:0.4.1"
  checksum: 10c0/108fa90d4cc6f08243aedc6da16c408daf81793bf903e9fd5ab21983cda433d5d2da49e40711da016289465ec2e62e0324dcdfbc06275a607fe3233fde4942ce
  languageName: node
  linkType: hard

"jsonc-eslint-parser@npm:^3.1.0":
  version: 3.1.0
  resolution: "jsonc-eslint-parser@npm:3.1.0"
  dependencies:
    acorn: "npm:^8.5.0"
    eslint-visitor-keys: "npm:^5.0.0"
    semver: "npm:^7.3.5"
  checksum: 10c0/9af0aa3abf946f306ce823ccde33ab7d91cf215e1af26d33b2f65e9e230552bfa40aa93859b91aabf96738c66357a598cc7b2275ba99839ef4afd84edda3b11e
  languageName: node
  linkType: hard

"jsonc-parser@npm:^3.0.0":
  version: 3.3.1
  resolution: "jsonc-parser@npm:3.3.1"
  checksum: 10c0/269c3ae0a0e4f907a914bf334306c384aabb9929bd8c99f909275ebd5c2d3bc70b9bcd119ad794f339dec9f24b6a4ee9cd5a8ab2e6435e730ad4075388fc2ab6
  languageName: node
  linkType: hard

"levn@npm:^0.4.1":
  version: 0.4.1
  resolution: "levn@npm:0.4.1"
  dependencies:
    prelude-ls: "npm:^1.2.1"
    type-check: "npm:~0.4.0"
  checksum: 10c0/effb03cad7c89dfa5bd4f6989364bfc79994c2042ec5966cb9b95990e2edee5cd8969ddf42616a0373ac49fac1403437deaf6e9050fbbaa3546093a59b9ac94e
  languageName: node
  linkType: hard

"lodash@npm:^4.17.21":
  version: 4.18.1
  resolution: "lodash@npm:4.18.1"
  checksum: 10c0/757228fc68805c59789e82185135cf85f05d0b2d3d54631d680ca79ec21944ec8314d4533639a14b8bcfbd97a517e78960933041a5af17ecb693ec6eecb99a27
  languageName: node
  linkType: hard

"minimatch@npm:^3.1.5":
  version: 3.1.5
  resolution: "minimatch@npm:3.1.5"
  dependencies:
    brace-expansion: "npm:^1.1.7"
  checksum: 10c0/2ecbdc0d33f07bddb0315a8b5afbcb761307a8778b48f0b312418ccbced99f104a2d17d8aca7573433c70e8ccd1c56823a441897a45e384ea76ef401a26ace70
  languageName: node
  linkType: hard

"ms@npm:^2.1.3":
  version: 2.1.3
  resolution: "ms@npm:2.1.3"
  checksum: 10c0/d924b57e7312b3b63ad21fc5b3dc0af5e78d61a1fc7cfb5457edaf26326bf62be5307cc87ffb6862ef1c2b33b0233cdb5d4f01c4c958cc0d660948b65a287a48
  languageName: node
  linkType: hard

"natural-compare@npm:^1.4.0":
  version: 1.4.0
  resolution: "natural-compare@npm:1.4.0"
  checksum: 10c0/f5f9a7974bfb28a91afafa254b197f0f22c684d4a1731763dda960d2c8e375b36c7d690e0d9dc8fba774c537af14a7e979129bca23d88d052fbeb9466955e447
  languageName: node
  linkType: hard

"parent-module@npm:^1.0.0":
  version: 1.0.1
  resolution: "parent-module@npm:1.0.1"
  dependencies:
    callsites: "npm:^3.0.0"
  checksum: 10c0/c63d6e80000d4babd11978e0d3fee386ca7752a02b035fd2435960ffaa7219dc42146f07069fb65e6e8bf1caef89daf9af7535a39bddf354d78bf50d8294f556
  languageName: node
  linkType: hard

"prelude-ls@npm:^1.2.1":
  version: 1.2.1
  resolution: "prelude-ls@npm:1.2.1"
  checksum: 10c0/b00d617431e7886c520a6f498a2e14c75ec58f6d93ba48c3b639cf241b54232d90daa05d83a9e9b9fef6baa63cb7e1e4602c2372fea5bc169668401eb127d0cd
  languageName: node
  linkType: hard

"punycode@npm:^2.1.0":
  version: 2.3.1
  resolution: "punycode@npm:2.3.1"
  checksum: 10c0/14f76a8206bc3464f794fb2e3d3cc665ae416c01893ad7a02b23766eb07159144ee612ad67af5e84fa4479ccfe67678c4feb126b0485651b302babf66f04f9e9
  languageName: node
  linkType: hard

"resolve-from@npm:^4.0.0":
  version: 4.0.0
  resolution: "resolve-from@npm:4.0.0"
  checksum: 10c0/8408eec31a3112ef96e3746c37be7d64020cda07c03a920f5024e77290a218ea758b26ca9529fd7b1ad283947f34b2291c1c0f6aa0ed34acfdda9c6014c8d190
  languageName: node
  linkType: hard

"root-workspace-0b6124@workspace:.":
  version: 0.0.0-use.local
  resolution: "root-workspace-0b6124@workspace:."
  dependencies:
    "@eslint/eslintrc": "npm:^3.3.5"
    "@eslint/js": "npm:^10.0.1"
    eslint-config-prettier: "npm:^10.1.8"
    eslint-plugin-json: "npm:^4.0.1"
    eslint-plugin-jsonc: "npm:^3.1.2"
    globals: "npm:^17.6.0"
  languageName: unknown
  linkType: soft

"semver@npm:^7.3.5":
  version: 7.7.4
  resolution: "semver@npm:7.7.4"
  bin:
    semver: bin/semver.js
  checksum: 10c0/5215ad0234e2845d4ea5bb9d836d42b03499546ddafb12075566899fc617f68794bb6f146076b6881d755de17d6c6cc73372555879ec7dce2c2feee947866ad2
  languageName: node
  linkType: hard

"strip-json-comments@npm:^3.1.1":
  version: 3.1.1
  resolution: "strip-json-comments@npm:3.1.1"
  checksum: 10c0/9681a6257b925a7fa0f285851c0e613cc934a50661fa7bb41ca9cbbff89686bb4a0ee366e6ecedc4daafd01e83eee0720111ab294366fe7c185e935475ebcecd
  languageName: node
  linkType: hard

"synckit@npm:^0.11.12":
  version: 0.11.12
  resolution: "synckit@npm:0.11.12"
  dependencies:
    "@pkgr/core": "npm:^0.2.9"
  checksum: 10c0/cc4d446806688ae0d728ae7bb3f53176d065cf9536647fb85bdd721dcefbd7bf94874df6799ff61580f2b03a392659219b778a9254ad499f9a1f56c34787c235
  languageName: node
  linkType: hard

"type-check@npm:~0.4.0":
  version: 0.4.0
  resolution: "type-check@npm:0.4.0"
  dependencies:
    prelude-ls: "npm:^1.2.1"
  checksum: 10c0/7b3fd0ed43891e2080bf0c5c504b418fbb3e5c7b9708d3d015037ba2e6323a28152ec163bcb65212741fa5d2022e3075ac3c76440dbd344c9035f818e8ecee58
  languageName: node
  linkType: hard

"uri-js@npm:^4.2.2":
  version: 4.4.1
  resolution: "uri-js@npm:4.4.1"
  dependencies:
    punycode: "npm:^2.1.0"
  checksum: 10c0/4ef57b45aa820d7ac6496e9208559986c665e49447cb072744c13b66925a362d96dd5a46c4530a6b8e203e5db5fe849369444440cb22ecfc26c679359e5dfa3c
  languageName: node
  linkType: hard

"vscode-json-languageservice@npm:^4.1.6":
  version: 4.2.1
  resolution: "vscode-json-languageservice@npm:4.2.1"
  dependencies:
    jsonc-parser: "npm:^3.0.0"
    vscode-languageserver-textdocument: "npm:^1.0.3"
    vscode-languageserver-types: "npm:^3.16.0"
    vscode-nls: "npm:^5.0.0"
    vscode-uri: "npm:^3.0.3"
  checksum: 10c0/8d91731f75e2cba0d0971be54b1e648590c03287b75115171e964b7b935e20c293d169a20499d36377a7853b2fc6b858fb01645f2fb6a0d4ce2c4b6b1f802b73
  languageName: node
  linkType: hard

"vscode-languageserver-textdocument@npm:^1.0.3":
  version: 1.0.12
  resolution: "vscode-languageserver-textdocument@npm:1.0.12"
  checksum: 10c0/534349894b059602c4d97615a1147b6c4c031141c2093e59657f54e38570f5989c21b376836f13b9375419869242e9efb4066643208b21ab1e1dee111a0f00fb
  languageName: node
  linkType: hard

"vscode-languageserver-types@npm:^3.16.0":
  version: 3.17.5
  resolution: "vscode-languageserver-types@npm:3.17.5"
  checksum: 10c0/1e1260de79a2cc8de3e46f2e0182cdc94a7eddab487db5a3bd4ee716f67728e685852707d72c059721ce500447be9a46764a04f0611e94e4321ffa088eef36f8
  languageName: node
  linkType: hard

"vscode-nls@npm:^5.0.0":
  version: 5.2.0
  resolution: "vscode-nls@npm:5.2.0"
  checksum: 10c0/dc9e48f58ebbc807f435d351008813a2ea0c9432d51e778bcac9163c0642f929ddb518411ad654e775ce31e24d6acfa8fb7db8893c05b42c2019894e08b050f9
  languageName: node
  linkType: hard

"vscode-uri@npm:^3.0.3":
  version: 3.1.0
  resolution: "vscode-uri@npm:3.1.0"
  checksum: 10c0/5f6c9c10fd9b1664d71fab4e9fbbae6be93c7f75bb3a1d9d74399a88ab8649e99691223fd7cef4644376cac6e94fa2c086d802521b9a8e31c5af3e60f0f35624
  languageName: node
  linkType: hard
