# THIS IS AN AUTOGENERATED FILE. DO NOT EDIT THIS FILE DIRECTLY.
# yarn lockfile v1


eslint-config-prettier@^9.1.0:
  version "9.1.0"
  resolved "https://registry.yarnpkg.com/eslint-config-prettier/-/eslint-config-prettier-9.1.0.tgz#31af3d94578645966c082fcb71a5846d3c94867f"
  integrity sha512-NSWl5BFQWEPi1j4TjVNItzYV7dZXZ+wP6I6ZhrBGpChQhZRUaElihE9uRRkcbRnNb76UMKDF3r+WTmNcGPKsqw==

eslint-plugin-json@^4.0.1:
  version "4.0.1"
  resolved "https://registry.yarnpkg.com/eslint-plugin-json/-/eslint-plugin-json-4.0.1.tgz#c99e0e465b2a33fbdce6dac040f507d75e940a74"
  integrity sha512-3An5ISV5dq/kHfXdNyY5TUe2ONC3yXFSkLX2gu+W8xAhKhfvrRvkSAeKXCxZqZ0KJLX15ojBuLPyj+UikQMkOA==
  dependencies:
    lodash "^4.17.21"
    vscode-json-languageservice "^4.1.6"

jsonc-parser@^3.0.0:
  version "3.3.1"
  resolved "https://registry.yarnpkg.com/jsonc-parser/-/jsonc-parser-3.3.1.tgz#f2a524b4f7fd11e3d791e559977ad60b98b798b4"
  integrity sha512-HUgH65KyejrUFPvHFPbqOY0rsFip3Bo5wb4ngvdi1EpCYWUQDC5V+Y7mZws+DLkr4M//zQJoanu1SP+87Dv1oQ==

lodash@^4.17.21:
  version "4.17.21"
  resolved "https://registry.yarnpkg.com/lodash/-/lodash-4.17.21.tgz#679591c564c3bffaae8454cf0b3df370c3d6911c"
  integrity sha512-v2kDEe57lecTulaDIuNTPy3Ry4gLGJ6Z1O3vE1krgXZNrsQ+LFTGHVxVjcXPs17LhbZVGedAJv8XZ1tvj5FvSg==

vscode-json-languageservice@^4.1.6:
  version "4.2.1"
  resolved "https://registry.yarnpkg.com/vscode-json-languageservice/-/vscode-json-languageservice-4.2.1.tgz#94b6f471ece193bf4a1ef37f6ab5cce86d50a8b4"
  integrity sha512-xGmv9QIWs2H8obGbWg+sIPI/3/pFgj/5OWBhNzs00BkYQ9UaB2F6JJaGB/2/YOZJ3BvLXQTC4Q7muqU25QgAhA==
  dependencies:
    jsonc-parser "^3.0.0"
    vscode-languageserver-textdocument "^1.0.3"
    vscode-languageserver-types "^3.16.0"
    vscode-nls "^5.0.0"
    vscode-uri "^3.0.3"

vscode-languageserver-textdocument@^1.0.3:
  version "1.0.12"
  resolved "https://registry.yarnpkg.com/vscode-languageserver-textdocument/-/vscode-languageserver-textdocument-1.0.12.tgz#457ee04271ab38998a093c68c2342f53f6e4a631"
  integrity sha512-cxWNPesCnQCcMPeenjKKsOCKQZ/L6Tv19DTRIGuLWe32lyzWhihGVJ/rcckZXJxfdKCFvRLS3fpBIsV/ZGX4zA==

vscode-languageserver-types@^3.16.0:
  version "3.17.5"
  resolved "https://registry.yarnpkg.com/vscode-languageserver-types/-/vscode-languageserver-types-3.17.5.tgz#3273676f0cf2eab40b3f44d085acbb7f08a39d8a"
  integrity sha512-Ld1VelNuX9pdF39h2Hgaeb5hEZM2Z3jUrrMgWQAu82jMtZp7p3vJT3BzToKtZI7NgQssZje5o0zryOrhQvzQAg==

vscode-nls@^5.0.0:
  version "5.2.0"
  resolved "https://registry.yarnpkg.com/vscode-nls/-/vscode-nls-5.2.0.tgz#3cb6893dd9bd695244d8a024bdf746eea665cc3f"
  integrity sha512-RAaHx7B14ZU04EU31pT+rKz2/zSl7xMsfIZuo8pd+KZO6PXtQmpevpq3vxvWNcrGbdmhM/rr5Uw5Mz+NBfhVng==

vscode-uri@^3.0.3:
  version "3.0.8"
  resolved "https://registry.yarnpkg.com/vscode-uri/-/vscode-uri-3.0.8.tgz#1770938d3e72588659a172d0fd4642780083ff9f"
  integrity sha512-AyFQ0EVmsOZOlAnxoFOGOq1SQDWAB7C6aqMGS23svWAllfOaxbuFvcT8D1i8z3Gyn8fraVeZNNmN6e9bxxXkKw==
